// !$*UTF8*$!
{
	archiveVersion = 1;
	classes = {
	};
	objectVersion = 50;
	objects = {

/* Begin PBXBuildFile section */
		2C4E2C2E963319941C6DBE3B /* Pods_GoogleDriveUITests.framework in Frameworks */ = {isa = PBXBuildFile; fileRef = 3FFC625E16B56234E71FF348 /* Pods_GoogleDriveUITests.framework */; };
		478AB8BA603B6D475691E557 /* Pods_GoogleDriveTests.framework in Frameworks */ = {isa = PBXBuildFile; fileRef = C103F1C6310280FABC9EF31F /* Pods_GoogleDriveTests.framework */; };
		4BA5032121BE29D2008E2CC4 /* AppDelegate.swift in Sources */ = {isa = PBXBuildFile; fileRef = 4BA5032021BE29D2008E2CC4 /* AppDelegate.swift */; };
		4BA5032321BE29D2008E2CC4 /* LoginViewController.swift in Sources */ = {isa = PBXBuildFile; fileRef = 4BA5032221BE29D2008E2CC4 /* LoginViewController.swift */; };
		4BA5032621BE29D2008E2CC4 /* Main.storyboard in Resources */ = {isa = PBXBuildFile; fileRef = 4BA5032421BE29D2008E2CC4 /* Main.storyboard */; };
		4BA5032921BE29D2008E2CC4 /* GoogleDrive.xcdatamodeld in Sources */ = {isa = PBXBuildFile; fileRef = 4BA5032721BE29D2008E2CC4 /* GoogleDrive.xcdatamodeld */; };
		4BA5032B21BE29D4008E2CC4 /* Assets.xcassets in Resources */ = {isa = PBXBuildFile; fileRef = 4BA5032A21BE29D4008E2CC4 /* Assets.xcassets */; };
		4BA5032E21BE29D4008E2CC4 /* LaunchScreen.storyboard in Resources */ = {isa = PBXBuildFile; fileRef = 4BA5032C21BE29D4008E2CC4 /* LaunchScreen.storyboard */; };
		4BA5033921BE29D4008E2CC4 /* GoogleDriveTests.swift in Sources */ = {isa = PBXBuildFile; fileRef = 4BA5033821BE29D4008E2CC4 /* GoogleDriveTests.swift */; };
		4BA5034421BE29D4008E2CC4 /* GoogleDriveUITests.swift in Sources */ = {isa = PBXBuildFile; fileRef = 4BA5034321BE29D4008E2CC4 /* GoogleDriveUITests.swift */; };
		4BA5035221BE38B1008E2CC4 /* Constant.swift in Sources */ = {isa = PBXBuildFile; fileRef = 4BA5035121BE38B1008E2CC4 /* Constant.swift */; };
		4BA5035421BE4073008E2CC4 /* GoogleSignInShared.swift in Sources */ = {isa = PBXBuildFile; fileRef = 4BA5035321BE4073008E2CC4 /* GoogleSignInShared.swift */; };
		4BA5035621BE4D2E008E2CC4 /* GoogleUserProfile.swift in Sources */ = {isa = PBXBuildFile; fileRef = 4BA5035521BE4D2E008E2CC4 /* GoogleUserProfile.swift */; };
		4BA5035821BE53D5008E2CC4 /* Extension.swift in Sources */ = {isa = PBXBuildFile; fileRef = 4BA5035721BE53D5008E2CC4 /* Extension.swift */; };
		71962EB98B334AC698F541CE /* Pods_GoogleDrive.framework in Frameworks */ = {isa = PBXBuildFile; fileRef = 294E6FA7893EAD6D137ADA48 /* Pods_GoogleDrive.framework */; };
/* End PBXBuildFile section */

/* Begin PBXContainerItemProxy section */
		4BA5033521BE29D4008E2CC4 /* PBXContainerItemProxy */ = {
			isa = PBXContainerItemProxy;
			containerPortal = 4BA5031521BE29D2008E2CC4 /* Project object */;
			proxyType = 1;
			remoteGlobalIDString = 4BA5031C21BE29D2008E2CC4;
			remoteInfo = GoogleDrive;
		};
		4BA5034021BE29D4008E2CC4 /* PBXContainerItemProxy */ = {
			isa = PBXContainerItemProxy;
			containerPortal = 4BA5031521BE29D2008E2CC4 /* Project object */;
			proxyType = 1;
			remoteGlobalIDString = 4BA5031C21BE29D2008E2CC4;
			remoteInfo = GoogleDrive;
		};
/* End PBXContainerItemProxy section */

/* Begin PBXFileReference section */
		18609466FFAB5827F003904A /* Pods-GoogleDriveUITests.debug.xcconfig */ = {isa = PBXFileReference; includeInIndex = 1; lastKnownFileType = text.xcconfig; name = "Pods-GoogleDriveUITests.debug.xcconfig"; path = "Pods/Target Support Files/Pods-GoogleDriveUITests/Pods-GoogleDriveUITests.debug.xcconfig"; sourceTree = "<group>"; };
		23E78CEB557A485AA26F9781 /* Pods-GoogleDriveUITests.release.xcconfig */ = {isa = PBXFileReference; includeInIndex = 1; lastKnownFileType = text.xcconfig; name = "Pods-GoogleDriveUITests.release.xcconfig"; path = "Pods/Target Support Files/Pods-GoogleDriveUITests/Pods-GoogleDriveUITests.release.xcconfig"; sourceTree = "<group>"; };
		294E6FA7893EAD6D137ADA48 /* Pods_GoogleDrive.framework */ = {isa = PBXFileReference; explicitFileType = wrapper.framework; includeInIndex = 0; path = Pods_GoogleDrive.framework; sourceTree = BUILT_PRODUCTS_DIR; };
		3FFC625E16B56234E71FF348 /* Pods_GoogleDriveUITests.framework */ = {isa = PBXFileReference; explicitFileType = wrapper.framework; includeInIndex = 0; path = Pods_GoogleDriveUITests.framework; sourceTree = BUILT_PRODUCTS_DIR; };
		4BA5031D21BE29D2008E2CC4 /* GoogleDrive.app */ = {isa = PBXFileReference; explicitFileType = wrapper.application; includeInIndex = 0; path = GoogleDrive.app; sourceTree = BUILT_PRODUCTS_DIR; };
		4BA5032021BE29D2008E2CC4 /* AppDelegate.swift */ = {isa = PBXFileReference; lastKnownFileType = sourcecode.swift; path = AppDelegate.swift; sourceTree = "<group>"; };
		4BA5032221BE29D2008E2CC4 /* LoginViewController.swift */ = {isa = PBXFileReference; lastKnownFileType = sourcecode.swift; path = LoginViewController.swift; sourceTree = "<group>"; };
		4BA5032521BE29D2008E2CC4 /* Base */ = {isa = PBXFileReference; lastKnownFileType = file.storyboard; name = Base; path = Base.lproj/Main.storyboard; sourceTree = "<group>"; };
		4BA5032821BE29D2008E2CC4 /* GoogleDrive.xcdatamodel */ = {isa = PBXFileReference; lastKnownFileType = wrapper.xcdatamodel; path = GoogleDrive.xcdatamodel; sourceTree = "<group>"; };
		4BA5032A21BE29D4008E2CC4 /* Assets.xcassets */ = {isa = PBXFileReference; lastKnownFileType = folder.assetcatalog; path = Assets.xcassets; sourceTree = "<group>"; };
		4BA5032D21BE29D4008E2CC4 /* Base */ = {isa = PBXFileReference; lastKnownFileType = file.storyboard; name = Base; path = Base.lproj/LaunchScreen.storyboard; sourceTree = "<group>"; };
		4BA5032F21BE29D4008E2CC4 /* Info.plist */ = {isa = PBXFileReference; lastKnownFileType = text.plist.xml; path = Info.plist; sourceTree = "<group>"; };
		4BA5033421BE29D4008E2CC4 /* GoogleDriveTests.xctest */ = {isa = PBXFileReference; explicitFileType = wrapper.cfbundle; includeInIndex = 0; path = GoogleDriveTests.xctest; sourceTree = BUILT_PRODUCTS_DIR; };
		4BA5033821BE29D4008E2CC4 /* GoogleDriveTests.swift */ = {isa = PBXFileReference; lastKnownFileType = sourcecode.swift; path = GoogleDriveTests.swift; sourceTree = "<group>"; };
		4BA5033A21BE29D4008E2CC4 /* Info.plist */ = {isa = PBXFileReference; lastKnownFileType = text.plist.xml; path = Info.plist; sourceTree = "<group>"; };
		4BA5033F21BE29D4008E2CC4 /* GoogleDriveUITests.xctest */ = {isa = PBXFileReference; explicitFileType = wrapper.cfbundle; includeInIndex = 0; path = GoogleDriveUITests.xctest; sourceTree = BUILT_PRODUCTS_DIR; };
		4BA5034321BE29D4008E2CC4 /* GoogleDriveUITests.swift */ = {isa = PBXFileReference; lastKnownFileType = sourcecode.swift; path = GoogleDriveUITests.swift; sourceTree = "<group>"; };
		4BA5034521BE29D4008E2CC4 /* Info.plist */ = {isa = PBXFileReference; lastKnownFileType = text.plist.xml; path = Info.plist; sourceTree = "<group>"; };
		4BA5035121BE38B1008E2CC4 /* Constant.swift */ = {isa = PBXFileReference; lastKnownFileType = sourcecode.swift; path = Constant.swift; sourceTree = "<group>"; };
		4BA5035321BE4073008E2CC4 /* GoogleSignInShared.swift */ = {isa = PBXFileReference; lastKnownFileType = sourcecode.swift; path = GoogleSignInShared.swift; sourceTree = "<group>"; };
		4BA5035521BE4D2E008E2CC4 /* GoogleUserProfile.swift */ = {isa = PBXFileReference; lastKnownFileType = sourcecode.swift; path = GoogleUserProfile.swift; sourceTree = "<group>"; };
		4BA5035721BE53D5008E2CC4 /* Extension.swift */ = {isa = PBXFileReference; lastKnownFileType = sourcecode.swift; path = Extension.swift; sourceTree = "<group>"; };
		50B531527E4CDAF159FB0219 /* Pods-GoogleDrive.release.xcconfig */ = {isa = PBXFileReference; includeInIndex = 1; lastKnownFileType = text.xcconfig; name = "Pods-GoogleDrive.release.xcconfig"; path = "Pods/Target Support Files/Pods-GoogleDrive/Pods-GoogleDrive.release.xcconfig"; sourceTree = "<group>"; };
		6D9CFC6A6CFE1D1252B039D6 /* Pods-GoogleDriveTests.release.xcconfig */ = {isa = PBXFileReference; includeInIndex = 1; lastKnownFileType = text.xcconfig; name = "Pods-GoogleDriveTests.release.xcconfig"; path = "Pods/Target Support Files/Pods-GoogleDriveTests/Pods-GoogleDriveTests.release.xcconfig"; sourceTree = "<group>"; };
		911427161FDA653C7E67B0E5 /* Pods-GoogleDrive.debug.xcconfig */ = {isa = PBXFileReference; includeInIndex = 1; lastKnownFileType = text.xcconfig; name = "Pods-GoogleDrive.debug.xcconfig"; path = "Pods/Target Support Files/Pods-GoogleDrive/Pods-GoogleDrive.debug.xcconfig"; sourceTree = "<group>"; };
		91D938CDA92706F09B41DC33 /* Pods-GoogleDriveTests.debug.xcconfig */ = {isa = PBXFileReference; includeInIndex = 1; lastKnownFileType = text.xcconfig; name = "Pods-GoogleDriveTests.debug.xcconfig"; path = "Pods/Target Support Files/Pods-GoogleDriveTests/Pods-GoogleDriveTests.debug.xcconfig"; sourceTree = "<group>"; };
		C103F1C6310280FABC9EF31F /* Pods_GoogleDriveTests.framework */ = {isa = PBXFileReference; explicitFileType = wrapper.framework; includeInIndex = 0; path = Pods_GoogleDriveTests.framework; sourceTree = BUILT_PRODUCTS_DIR; };
/* End PBXFileReference section */

/* Begin PBXFrameworksBuildPhase section */
		4BA5031A21BE29D2008E2CC4 /* Frameworks */ = {
			isa = PBXFrameworksBuildPhase;
			buildActionMask = 2147483647;
			files = (
				71962EB98B334AC698F541CE /* Pods_GoogleDrive.framework in Frameworks */,
			);
			runOnlyForDeploymentPostprocessing = 0;
		};
		4BA5033121BE29D4008E2CC4 /* Frameworks */ = {
			isa = PBXFrameworksBuildPhase;
			buildActionMask = 2147483647;
			files = (
				478AB8BA603B6D475691E557 /* Pods_GoogleDriveTests.framework in Frameworks */,
			);
			runOnlyForDeploymentPostprocessing = 0;
		};
		4BA5033C21BE29D4008E2CC4 /* Frameworks */ = {
			isa = PBXFrameworksBuildPhase;
			buildActionMask = 2147483647;
			files = (
				2C4E2C2E963319941C6DBE3B /* Pods_GoogleDriveUITests.framework in Frameworks */,
			);
			runOnlyForDeploymentPostprocessing = 0;
		};
/* End PBXFrameworksBuildPhase section */

/* Begin PBXGroup section */
		1BC28FA8FE03D09FDACE07C8 /* Pods */ = {
			isa = PBXGroup;
			children = (
				911427161FDA653C7E67B0E5 /* Pods-GoogleDrive.debug.xcconfig */,
				50B531527E4CDAF159FB0219 /* Pods-GoogleDrive.release.xcconfig */,
				91D938CDA92706F09B41DC33 /* Pods-GoogleDriveTests.debug.xcconfig */,
				6D9CFC6A6CFE1D1252B039D6 /* Pods-GoogleDriveTests.release.xcconfig */,
				18609466FFAB5827F003904A /* Pods-GoogleDriveUITests.debug.xcconfig */,
				23E78CEB557A485AA26F9781 /* Pods-GoogleDriveUITests.release.xcconfig */,
			);
			name = Pods;
			sourceTree = "<group>";
		};
		245C312F3F7B9788062E25EA /* Frameworks */ = {
			isa = PBXGroup;
			children = (
				294E6FA7893EAD6D137ADA48 /* Pods_GoogleDrive.framework */,
				C103F1C6310280FABC9EF31F /* Pods_GoogleDriveTests.framework */,
				3FFC625E16B56234E71FF348 /* Pods_GoogleDriveUITests.framework */,
			);
			name = Frameworks;
			sourceTree = "<group>";
		};
		4BA5031421BE29D2008E2CC4 = {
			isa = PBXGroup;
			children = (
				4BA5031F21BE29D2008E2CC4 /* GoogleDrive */,
				4BA5033721BE29D4008E2CC4 /* GoogleDriveTests */,
				4BA5034221BE29D4008E2CC4 /* GoogleDriveUITests */,
				4BA5031E21BE29D2008E2CC4 /* Products */,
				1BC28FA8FE03D09FDACE07C8 /* Pods */,
				245C312F3F7B9788062E25EA /* Frameworks */,
			);
			sourceTree = "<group>";
		};
		4BA5031E21BE29D2008E2CC4 /* Products */ = {
			isa = PBXGroup;
			children = (
				4BA5031D21BE29D2008E2CC4 /* GoogleDrive.app */,
				4BA5033421BE29D4008E2CC4 /* GoogleDriveTests.xctest */,
				4BA5033F21BE29D4008E2CC4 /* GoogleDriveUITests.xctest */,
			);
			name = Products;
			sourceTree = "<group>";
		};
		4BA5031F21BE29D2008E2CC4 /* GoogleDrive */ = {
			isa = PBXGroup;
			children = (
				4BA5032021BE29D2008E2CC4 /* AppDelegate.swift */,
				4BA5032221BE29D2008E2CC4 /* LoginViewController.swift */,
				4BA5032421BE29D2008E2CC4 /* Main.storyboard */,
				4BA5032A21BE29D4008E2CC4 /* Assets.xcassets */,
				4BA5032C21BE29D4008E2CC4 /* LaunchScreen.storyboard */,
				4BA5032F21BE29D4008E2CC4 /* Info.plist */,
				4BA5032721BE29D2008E2CC4 /* GoogleDrive.xcdatamodeld */,
				4BA5035921BE54C1008E2CC4 /* Google */,
				4BA5035A21BE54D9008E2CC4 /* Utils */,
			);
			path = GoogleDrive;
			sourceTree = "<group>";
		};
		4BA5033721BE29D4008E2CC4 /* GoogleDriveTests */ = {
			isa = PBXGroup;
			children = (
				4BA5033821BE29D4008E2CC4 /* GoogleDriveTests.swift */,
				4BA5033A21BE29D4008E2CC4 /* Info.plist */,
			);
			path = GoogleDriveTests;
			sourceTree = "<group>";
		};
		4BA5034221BE29D4008E2CC4 /* GoogleDriveUITests */ = {
			isa = PBXGroup;
			children = (
				4BA5034321BE29D4008E2CC4 /* GoogleDriveUITests.swift */,
				4BA5034521BE29D4008E2CC4 /* Info.plist */,
			);
			path = GoogleDriveUITests;
			sourceTree = "<group>";
		};
		4BA5035921BE54C1008E2CC4 /* Google */ = {
			isa = PBXGroup;
			children = (
				4BA5035321BE4073008E2CC4 /* GoogleSignInShared.swift */,
				4BA5035521BE4D2E008E2CC4 /* GoogleUserProfile.swift */,
			);
			path = Google;
			sourceTree = "<group>";
		};
		4BA5035A21BE54D9008E2CC4 /* Utils */ = {
			isa = PBXGroup;
			children = (
				4BA5035721BE53D5008E2CC4 /* Extension.swift */,
				4BA5035121BE38B1008E2CC4 /* Constant.swift */,
			);
			path = Utils;
			sourceTree = "<group>";
		};
/* End PBXGroup section */

/* Begin PBXNativeTarget section */
		4BA5031C21BE29D2008E2CC4 /* GoogleDrive */ = {
			isa = PBXNativeTarget;
			buildConfigurationList = 4BA5034821BE29D4008E2CC4 /* Build configuration list for PBXNativeTarget "GoogleDrive" */;
			buildPhases = (
				A032A7D1C894E38B3EB8B45B /* [CP] Check Pods Manifest.lock */,
				4BA5031921BE29D2008E2CC4 /* Sources */,
				4BA5031A21BE29D2008E2CC4 /* Frameworks */,
				4BA5031B21BE29D2008E2CC4 /* Resources */,
				D5BC08BFBF608E7F0C14780A /* [CP] Embed Pods Frameworks */,
				927C7E78CA2DE35385DD6984 /* [CP] Copy Pods Resources */,
			);
			buildRules = (
			);
			dependencies = (
			);
			name = GoogleDrive;
			productName = GoogleDrive;
			productReference = 4BA5031D21BE29D2008E2CC4 /* GoogleDrive.app */;
			productType = "com.apple.product-type.application";
		};
		4BA5033321BE29D4008E2CC4 /* GoogleDriveTests */ = {
			isa = PBXNativeTarget;
			buildConfigurationList = 4BA5034B21BE29D4008E2CC4 /* Build configuration list for PBXNativeTarget "GoogleDriveTests" */;
			buildPhases = (
				E9194ACAB82B1890A77F1A64 /* [CP] Check Pods Manifest.lock */,
				4BA5033021BE29D4008E2CC4 /* Sources */,
				4BA5033121BE29D4008E2CC4 /* Frameworks */,
				4BA5033221BE29D4008E2CC4 /* Resources */,
			);
			buildRules = (
			);
			dependencies = (
				4BA5033621BE29D4008E2CC4 /* PBXTargetDependency */,
			);
			name = GoogleDriveTests;
			productName = GoogleDriveTests;
			productReference = 4BA5033421BE29D4008E2CC4 /* GoogleDriveTests.xctest */;
			productType = "com.apple.product-type.bundle.unit-test";
		};
		4BA5033E21BE29D4008E2CC4 /* GoogleDriveUITests */ = {
			isa = PBXNativeTarget;
			buildConfigurationList = 4BA5034E21BE29D4008E2CC4 /* Build configuration list for PBXNativeTarget "GoogleDriveUITests" */;
			buildPhases = (
				F3282467B1FD13792FE66396 /* [CP] Check Pods Manifest.lock */,
				4BA5033B21BE29D4008E2CC4 /* Sources */,
				4BA5033C21BE29D4008E2CC4 /* Frameworks */,
				4BA5033D21BE29D4008E2CC4 /* Resources */,
			);
			buildRules = (
			);
			dependencies = (
				4BA5034121BE29D4008E2CC4 /* PBXTargetDependency */,
			);
			name = GoogleDriveUITests;
			productName = GoogleDriveUITests;
			productReference = 4BA5033F21BE29D4008E2CC4 /* GoogleDriveUITests.xctest */;
			productType = "com.apple.product-type.bundle.ui-testing";
		};
/* End PBXNativeTarget section */

/* Begin PBXProject section */
		4BA5031521BE29D2008E2CC4 /* Project object */ = {
			isa = PBXProject;
			attributes = {
				LastSwiftUpdateCheck = 1010;
				LastUpgradeCheck = 1010;
				ORGANIZATIONNAME = "Nikhil Dhavale";
				TargetAttributes = {
					4BA5031C21BE29D2008E2CC4 = {
						CreatedOnToolsVersion = 10.1;
					};
					4BA5033321BE29D4008E2CC4 = {
						CreatedOnToolsVersion = 10.1;
						TestTargetID = 4BA5031C21BE29D2008E2CC4;
					};
					4BA5033E21BE29D4008E2CC4 = {
						CreatedOnToolsVersion = 10.1;
						TestTargetID = 4BA5031C21BE29D2008E2CC4;
					};
				};
			};
			buildConfigurationList = 4BA5031821BE29D2008E2CC4 /* Build configuration list for PBXProject "GoogleDrive" */;
			compatibilityVersion = "Xcode 9.3";
			developmentRegion = en;
			hasScannedForEncodings = 0;
			knownRegions = (
				en,
				Base,
			);
			mainGroup = 4BA5031421BE29D2008E2CC4;
			productRefGroup = 4BA5031E21BE29D2008E2CC4 /* Products */;
			projectDirPath = "";
			projectRoot = "";
			targets = (
				4BA5031C21BE29D2008E2CC4 /* GoogleDrive */,
				4BA5033321BE29D4008E2CC4 /* GoogleDriveTests */,
				4BA5033E21BE29D4008E2CC4 /* GoogleDriveUITests */,
			);
		};
/* End PBXProject section */

/* Begin PBXResourcesBuildPhase section */
		4BA5031B21BE29D2008E2CC4 /* Resources */ = {
			isa = PBXResourcesBuildPhase;
			buildActionMask = 2147483647;
			files = (
				4BA5032E21BE29D4008E2CC4 /* LaunchScreen.storyboard in Resources */,
				4BA5032B21BE29D4008E2CC4 /* Assets.xcassets in Resources */,
				4BA5032621BE29D2008E2CC4 /* Main.storyboard in Resources */,
			);
			runOnlyForDeploymentPostprocessing = 0;
		};
		4BA5033221BE29D4008E2CC4 /* Resources */ = {
			isa = PBXResourcesBuildPhase;
			buildActionMask = 2147483647;
			files = (
			);
			runOnlyForDeploymentPostprocessing = 0;
		};
		4BA5033D21BE29D4008E2CC4 /* Resources */ = {
			isa = PBXResourcesBuildPhase;
			buildActionMask = 2147483647;
			files = (
			);
			runOnlyForDeploymentPostprocessing = 0;
		};
/* End PBXResourcesBuildPhase section */

/* Begin PBXShellScriptBuildPhase section */
		927C7E78CA2DE35385DD6984 /* [CP] Copy Pods Resources */ = {
			isa = PBXShellScriptBuildPhase;
			buildActionMask = 2147483647;
			files = (
			);
			inputFileListPaths = (
			);
			inputPaths = (
				"${SRCROOT}/Pods/Target Support Files/Pods-GoogleDrive/Pods-GoogleDrive-resources.sh",
				"${PODS_ROOT}/GoogleSignIn/Resources/GoogleSignIn.bundle",
			);
			name = "[CP] Copy Pods Resources";
			outputFileListPaths = (
			);
			outputPaths = (
				"${TARGET_BUILD_DIR}/${UNLOCALIZED_RESOURCES_FOLDER_PATH}/GoogleSignIn.bundle",
			);
			runOnlyForDeploymentPostprocessing = 0;
			shellPath = /bin/sh;
			shellScript = "\"${SRCROOT}/Pods/Target Support Files/Pods-GoogleDrive/Pods-GoogleDrive-resources.sh\"\n";
			showEnvVarsInLog = 0;
		};
		A032A7D1C894E38B3EB8B45B /* [CP] Check Pods Manifest.lock */ = {
			isa = PBXShellScriptBuildPhase;
			buildActionMask = 2147483647;
			files = (
			);
			inputFileListPaths = (
			);
			inputPaths = (
				"${PODS_PODFILE_DIR_PATH}/Podfile.lock",
				"${PODS_ROOT}/Manifest.lock",
			);
			name = "[CP] Check Pods Manifest.lock";
			outputFileListPaths = (
			);
			outputPaths = (
				"$(DERIVED_FILE_DIR)/Pods-GoogleDrive-checkManifestLockResult.txt",
			);
			runOnlyForDeploymentPostprocessing = 0;
			shellPath = /bin/sh;
			shellScript = "diff \"${PODS_PODFILE_DIR_PATH}/Podfile.lock\" \"${PODS_ROOT}/Manifest.lock\" > /dev/null\nif [ $? != 0 ] ; then\n    # print error to STDERR\n    echo \"error: The sandbox is not in sync with the Podfile.lock. Run 'pod install' or update your CocoaPods installation.\" >&2\n    exit 1\nfi\n# This output is used by Xcode 'outputs' to avoid re-running this script phase.\necho \"SUCCESS\" > \"${SCRIPT_OUTPUT_FILE_0}\"\n";
			showEnvVarsInLog = 0;
		};
		D5BC08BFBF608E7F0C14780A /* [CP] Embed Pods Frameworks */ = {
			isa = PBXShellScriptBuildPhase;
			buildActionMask = 2147483647;
			files = (
			);
			inputFileListPaths = (
			);
			inputPaths = (
				"${SRCROOT}/Pods/Target Support Files/Pods-GoogleDrive/Pods-GoogleDrive-frameworks.sh",
				"${BUILT_PRODUCTS_DIR}/GTMOAuth2/GTMOAuth2.framework",
				"${BUILT_PRODUCTS_DIR}/GTMSessionFetcher/GTMSessionFetcher.framework",
				"${BUILT_PRODUCTS_DIR}/GoogleToolboxForMac/GoogleToolboxForMac.framework",
			);
			name = "[CP] Embed Pods Frameworks";
			outputFileListPaths = (
			);
			outputPaths = (
				"${TARGET_BUILD_DIR}/${FRAMEWORKS_FOLDER_PATH}/GTMOAuth2.framework",
				"${TARGET_BUILD_DIR}/${FRAMEWORKS_FOLDER_PATH}/GTMSessionFetcher.framework",
				"${TARGET_BUILD_DIR}/${FRAMEWORKS_FOLDER_PATH}/GoogleToolboxForMac.framework",
			);
			runOnlyForDeploymentPostprocessing = 0;
			shellPath = /bin/sh;
			shellScript = "\"${SRCROOT}/Pods/Target Support Files/Pods-GoogleDrive/Pods-GoogleDrive-frameworks.sh\"\n";
			showEnvVarsInLog = 0;
		};
		E9194ACAB82B1890A77F1A64 /* [CP] Check Pods Manifest.lock */ = {
			isa = PBXShellScriptBuildPhase;
			buildActionMask = 2147483647;
			files = (
			);
			inputFileListPaths = (
			);
			inputPaths = (
				"${PODS_PODFILE_DIR_PATH}/Podfile.lock",
				"${PODS_ROOT}/Manifest.lock",
			);
			name = "[CP] Check Pods Manifest.lock";
			outputFileListPaths = (
			);
			outputPaths = (
				"$(DERIVED_FILE_DIR)/Pods-GoogleDriveTests-checkManifestLockResult.txt",
			);
			runOnlyForDeploymentPostprocessing = 0;
			shellPath = /bin/sh;
			shellScript = "diff \"${PODS_PODFILE_DIR_PATH}/Podfile.lock\" \"${PODS_ROOT}/Manifest.lock\" > /dev/null\nif [ $? != 0 ] ; then\n    # print error to STDERR\n    echo \"error: The sandbox is not in sync with the Podfile.lock. Run 'pod install' or update your CocoaPods installation.\" >&2\n    exit 1\nfi\n# This output is used by Xcode 'outputs' to avoid re-running this script phase.\necho \"SUCCESS\" > \"${SCRIPT_OUTPUT_FILE_0}\"\n";
			showEnvVarsInLog = 0;
		};
		F3282467B1FD13792FE66396 /* [CP] Check Pods Manifest.lock */ = {
			isa = PBXShellScriptBuildPhase;
			buildActionMask = 2147483647;
			files = (
			);
			inputFileListPaths = (
			);
			inputPaths = (
				"${PODS_PODFILE_DIR_PATH}/Podfile.lock",
				"${PODS_ROOT}/Manifest.lock",
			);
			name = "[CP] Check Pods Manifest.lock";
			outputFileListPaths = (
			);
			outputPaths = (
				"$(DERIVED_FILE_DIR)/Pods-GoogleDriveUITests-checkManifestLockResult.txt",
			);
			runOnlyForDeploymentPostprocessing = 0;
			shellPath = /bin/sh;
			shellScript = "diff \"${PODS_PODFILE_DIR_PATH}/Podfile.lock\" \"${PODS_ROOT}/Manifest.lock\" > /dev/null\nif [ $? != 0 ] ; then\n    # print error to STDERR\n    echo \"error: The sandbox is not in sync with the Podfile.lock. Run 'pod install' or update your CocoaPods installation.\" >&2\n    exit 1\nfi\n# This output is used by Xcode 'outputs' to avoid re-running this script phase.\necho \"SUCCESS\" > \"${SCRIPT_OUTPUT_FILE_0}\"\n";
			showEnvVarsInLog = 0;
		};
/* End PBXShellScriptBuildPhase section */

/* Begin PBXSourcesBuildPhase section */
		4BA5031921BE29D2008E2CC4 /* Sources */ = {
			isa = PBXSourcesBuildPhase;
			buildActionMask = 2147483647;
			files = (
				4BA5032321BE29D2008E2CC4 /* LoginViewController.swift in Sources */,
				4BA5032921BE29D2008E2CC4 /* GoogleDrive.xcdatamodeld in Sources */,
				4BA5035821BE53D5008E2CC4 /* Extension.swift in Sources */,
				4BA5032121BE29D2008E2CC4 /* AppDelegate.swift in Sources */,
				4BA5035621BE4D2E008E2CC4 /* GoogleUserProfile.swift in Sources */,
				4BA5035221BE38B1008E2CC4 /* Constant.swift in Sources */,
				4BA5035421BE4073008E2CC4 /* GoogleSignInShared.swift in Sources */,
			);
			runOnlyForDeploymentPostprocessing = 0;
		};
		4BA5033021BE29D4008E2CC4 /* Sources */ = {
			isa = PBXSourcesBuildPhase;
			buildActionMask = 2147483647;
			files = (
				4BA5033921BE29D4008E2CC4 /* GoogleDriveTests.swift in Sources */,
			);
			runOnlyForDeploymentPostprocessing = 0;
		};
		4BA5033B21BE29D4008E2CC4 /* Sources */ = {
			isa = PBXSourcesBuildPhase;
			buildActionMask = 2147483647;
			files = (
				4BA5034421BE29D4008E2CC4 /* GoogleDriveUITests.swift in Sources */,
			);
			runOnlyForDeploymentPostprocessing = 0;
		};
/* End PBXSourcesBuildPhase section */

/* Begin PBXTargetDependency section */
		4BA5033621BE29D4008E2CC4 /* PBXTargetDependency */ = {
			isa = PBXTargetDependency;
			target = 4BA5031C21BE29D2008E2CC4 /* GoogleDrive */;
			targetProxy = 4BA5033521BE29D4008E2CC4 /* PBXContainerItemProxy */;
		};
		4BA5034121BE29D4008E2CC4 /* PBXTargetDependency */ = {
			isa = PBXTargetDependency;
			target = 4BA5031C21BE29D2008E2CC4 /* GoogleDrive */;
			targetProxy = 4BA5034021BE29D4008E2CC4 /* PBXContainerItemProxy */;
		};
/* End PBXTargetDependency section */

/* Begin PBXVariantGroup section */
		4BA5032421BE29D2008E2CC4 /* Main.storyboard */ = {
			isa = PBXVariantGroup;
			children = (
				4BA5032521BE29D2008E2CC4 /* Base */,
			);
			name = Main.storyboard;
			sourceTree = "<group>";
		};
		4BA5032C21BE29D4008E2CC4 /* LaunchScreen.storyboard */ = {
			isa = PBXVariantGroup;
			children = (
				4BA5032D21BE29D4008E2CC4 /* Base */,
			);
			name = LaunchScreen.storyboard;
			sourceTree = "<group>";
		};
/* End PBXVariantGroup section */

/* Begin XCBuildConfiguration section */
		4BA5034621BE29D4008E2CC4 /* Debug */ = {
			isa = XCBuildConfiguration;
			buildSettings = {
				ALWAYS_SEARCH_USER_PATHS = NO;
				CLANG_ANALYZER_NONNULL = YES;
				CLANG_ANALYZER_NUMBER_OBJECT_CONVERSION = YES_AGGRESSIVE;
				CLANG_CXX_LANGUAGE_STANDARD = "gnu++14";
				CLANG_CXX_LIBRARY = "libc++";
				CLANG_ENABLE_MODULES = YES;
				CLANG_ENABLE_OBJC_ARC = YES;
				CLANG_ENABLE_OBJC_WEAK = YES;
				CLANG_WARN_BLOCK_CAPTURE_AUTORELEASING = YES;
				CLANG_WARN_BOOL_CONVERSION = YES;
				CLANG_WARN_COMMA = YES;
				CLANG_WARN_CONSTANT_CONVERSION = YES;
				CLANG_WARN_DEPRECATED_OBJC_IMPLEMENTATIONS = YES;
				CLANG_WARN_DIRECT_OBJC_ISA_USAGE = YES_ERROR;
				CLANG_WARN_DOCUMENTATION_COMMENTS = YES;
				CLANG_WARN_EMPTY_BODY = YES;
				CLANG_WARN_ENUM_CONVERSION = YES;
				CLANG_WARN_INFINITE_RECURSION = YES;
				CLANG_WARN_INT_CONVERSION = YES;
				CLANG_WARN_NON_LITERAL_NULL_CONVERSION = YES;
				CLANG_WARN_OBJC_IMPLICIT_RETAIN_SELF = YES;
				CLANG_WARN_OBJC_LITERAL_CONVERSION = YES;
				CLANG_WARN_OBJC_ROOT_CLASS = YES_ERROR;
				CLANG_WARN_RANGE_LOOP_ANALYSIS = YES;
				CLANG_WARN_STRICT_PROTOTYPES = YES;
				CLANG_WARN_SUSPICIOUS_MOVE = YES;
				CLANG_WARN_UNGUARDED_AVAILABILITY = YES_AGGRESSIVE;
				CLANG_WARN_UNREACHABLE_CODE = YES;
				CLANG_WARN__DUPLICATE_METHOD_MATCH = YES;
				CODE_SIGN_IDENTITY = "iPhone Developer";
				COPY_PHASE_STRIP = NO;
				DEBUG_INFORMATION_FORMAT = dwarf;
				ENABLE_STRICT_OBJC_MSGSEND = YES;
				ENABLE_TESTABILITY = YES;
				GCC_C_LANGUAGE_STANDARD = gnu11;
				GCC_DYNAMIC_NO_PIC = NO;
				GCC_NO_COMMON_BLOCKS = YES;
				GCC_OPTIMIZATION_LEVEL = 0;
				GCC_PREPROCESSOR_DEFINITIONS = (
					"DEBUG=1",
					"$(inherited)",
				);
				GCC_WARN_64_TO_32_BIT_CONVERSION = YES;
				GCC_WARN_ABOUT_RETURN_TYPE = YES_ERROR;
				GCC_WARN_UNDECLARED_SELECTOR = YES;
				GCC_WARN_UNINITIALIZED_AUTOS = YES_AGGRESSIVE;
				GCC_WARN_UNUSED_FUNCTION = YES;
				GCC_WARN_UNUSED_VARIABLE = YES;
				IPHONEOS_DEPLOYMENT_TARGET = 12.1;
				MTL_ENABLE_DEBUG_INFO = INCLUDE_SOURCE;
				MTL_FAST_MATH = YES;
				ONLY_ACTIVE_ARCH = YES;
				SDKROOT = iphoneos;
				SWIFT_ACTIVE_COMPILATION_CONDITIONS = DEBUG;
				SWIFT_OPTIMIZATION_LEVEL = "-Onone";
			};
			name = Debug;
		};
		4BA5034721BE29D4008E2CC4 /* Release */ = {
			isa = XCBuildConfiguration;
			buildSettings = {
				ALWAYS_SEARCH_USER_PATHS = NO;
				CLANG_ANALYZER_NONNULL = YES;
				CLANG_ANALYZER_NUMBER_OBJECT_CONVERSION = YES_AGGRESSIVE;
				CLANG_CXX_LANGUAGE_STANDARD = "gnu++14";
				CLANG_CXX_LIBRARY = "libc++";
				CLANG_ENABLE_MODULES = YES;
				CLANG_ENABLE_OBJC_ARC = YES;
				CLANG_ENABLE_OBJC_WEAK = YES;
				CLANG_WARN_BLOCK_CAPTURE_AUTORELEASING = YES;
				CLANG_WARN_BOOL_CONVERSION = YES;
				CLANG_WARN_COMMA = YES;
				CLANG_WARN_CONSTANT_CONVERSION = YES;
				CLANG_WARN_DEPRECATED_OBJC_IMPLEMENTATIONS = YES;
				CLANG_WARN_DIRECT_OBJC_ISA_USAGE = YES_ERROR;
				CLANG_WARN_DOCUMENTATION_COMMENTS = YES;
				CLANG_WARN_EMPTY_BODY = YES;
				CLANG_WARN_ENUM_CONVERSION = YES;
				CLANG_WARN_INFINITE_RECURSION = YES;
				CLANG_WARN_INT_CONVERSION = YES;
				CLANG_WARN_NON_LITERAL_NULL_CONVERSION = YES;
				CLANG_WARN_OBJC_IMPLICIT_RETAIN_SELF = YES;
				CLANG_WARN_OBJC_LITERAL_CONVERSION = YES;
				CLANG_WARN_OBJC_ROOT_CLASS = YES_ERROR;
				CLANG_WARN_RANGE_LOOP_ANALYSIS = YES;
				CLANG_WARN_STRICT_PROTOTYPES = YES;
				CLANG_WARN_SUSPICIOUS_MOVE = YES;
				CLANG_WARN_UNGUARDED_AVAILABILITY = YES_AGGRESSIVE;
				CLANG_WARN_UNREACHABLE_CODE = YES;
				CLANG_WARN__DUPLICATE_METHOD_MATCH = YES;
				CODE_SIGN_IDENTITY = "iPhone Developer";
				COPY_PHASE_STRIP = NO;
				DEBUG_INFORMATION_FORMAT = "dwarf-with-dsym";
				ENABLE_NS_ASSERTIONS = NO;
				ENABLE_STRICT_OBJC_MSGSEND = YES;
				GCC_C_LANGUAGE_STANDARD = gnu11;
				GCC_NO_COMMON_BLOCKS = YES;
				GCC_WARN_64_TO_32_BIT_CONVERSION = YES;
				GCC_WARN_ABOUT_RETURN_TYPE = YES_ERROR;
				GCC_WARN_UNDECLARED_SELECTOR = YES;
				GCC_WARN_UNINITIALIZED_AUTOS = YES_AGGRESSIVE;
				GCC_WARN_UNUSED_FUNCTION = YES;
				GCC_WARN_UNUSED_VARIABLE = YES;
				IPHONEOS_DEPLOYMENT_TARGET = 12.1;
				MTL_ENABLE_DEBUG_INFO = NO;
				MTL_FAST_MATH = YES;
				SDKROOT = iphoneos;
				SWIFT_COMPILATION_MODE = wholemodule;
				SWIFT_OPTIMIZATION_LEVEL = "-O";
				VALIDATE_PRODUCT = YES;
			};
			name = Release;
		};
		4BA5034921BE29D4008E2CC4 /* Debug */ = {
			isa = XCBuildConfiguration;
			baseConfigurationReference = 911427161FDA653C7E67B0E5 /* Pods-GoogleDrive.debug.xcconfig */;
			buildSettings = {
				ASSETCATALOG_COMPILER_APPICON_NAME = AppIcon;
				CODE_SIGN_STYLE = Automatic;
				INFOPLIST_FILE = GoogleDrive/Info.plist;
				LD_RUNPATH_SEARCH_PATHS = (
					"$(inherited)",
					"@executable_path/Frameworks",
				);
				PRODUCT_BUNDLE_IDENTIFIER = com.GoogleDrive;
				PRODUCT_NAME = "$(TARGET_NAME)";
				SWIFT_VERSION = 4.2;
				TARGETED_DEVICE_FAMILY = "1,2";
			};
			name = Debug;
		};
		4BA5034A21BE29D4008E2CC4 /* Release */ = {
			isa = XCBuildConfiguration;
			baseConfigurationReference = 50B531527E4CDAF159FB0219 /* Pods-GoogleDrive.release.xcconfig */;
			buildSettings = {
				ASSETCATALOG_COMPILER_APPICON_NAME = AppIcon;
				CODE_SIGN_STYLE = Automatic;
				INFOPLIST_FILE = GoogleDrive/Info.plist;
				LD_RUNPATH_SEARCH_PATHS = (
					"$(inherited)",
					"@executable_path/Frameworks",
				);
				PRODUCT_BUNDLE_IDENTIFIER = com.GoogleDrive;
				PRODUCT_NAME = "$(TARGET_NAME)";
				SWIFT_VERSION = 4.2;
				TARGETED_DEVICE_FAMILY = "1,2";
			};
			name = Release;
		};
		4BA5034C21BE29D4008E2CC4 /* Debug */ = {
			isa = XCBuildConfiguration;
			baseConfigurationReference = 91D938CDA92706F09B41DC33 /* Pods-GoogleDriveTests.debug.xcconfig */;
			buildSettings = {
				ALWAYS_EMBED_SWIFT_STANDARD_LIBRARIES = YES;
				BUNDLE_LOADER = "$(TEST_HOST)";
				CODE_SIGN_STYLE = Automatic;
				INFOPLIST_FILE = GoogleDriveTests/Info.plist;
				LD_RUNPATH_SEARCH_PATHS = (
					"$(inherited)",
					"@executable_path/Frameworks",
					"@loader_path/Frameworks",
				);
				PRODUCT_BUNDLE_IDENTIFIER = com.GoogleDriveTests;
				PRODUCT_NAME = "$(TARGET_NAME)";
				SWIFT_VERSION = 4.2;
				TARGETED_DEVICE_FAMILY = "1,2";
				TEST_HOST = "$(BUILT_PRODUCTS_DIR)/GoogleDrive.app/GoogleDrive";
			};
			name = Debug;
		};
		4BA5034D21BE29D4008E2CC4 /* Release */ = {
			isa = XCBuildConfiguration;
			baseConfigurationReference = 6D9CFC6A6CFE1D1252B039D6 /* Pods-GoogleDriveTests.release.xcconfig */;
			buildSettings = {
				ALWAYS_EMBED_SWIFT_STANDARD_LIBRARIES = YES;
				BUNDLE_LOADER = "$(TEST_HOST)";
				CODE_SIGN_STYLE = Automatic;
				INFOPLIST_FILE = GoogleDriveTests/Info.plist;
				LD_RUNPATH_SEARCH_PATHS = (
					"$(inherited)",
					"@executable_path/Frameworks",
					"@loader_path/Frameworks",
				);
				PRODUCT_BUNDLE_IDENTIFIER = com.GoogleDriveTests;
				PRODUCT_NAME = "$(TARGET_NAME)";
				SWIFT_VERSION = 4.2;
				TARGETED_DEVICE_FAMILY = "1,2";
				TEST_HOST = "$(BUILT_PRODUCTS_DIR)/GoogleDrive.app/GoogleDrive";
			};
			name = Release;
		};
		4BA5034F21BE29D4008E2CC4 /* Debug */ = {
			isa = XCBuildConfiguration;
			baseConfigurationReference = 18609466FFAB5827F003904A /* Pods-GoogleDriveUITests.debug.xcconfig */;
			buildSettings = {
				ALWAYS_EMBED_SWIFT_STANDARD_LIBRARIES = YES;
				CODE_SIGN_STYLE = Automatic;
				INFOPLIST_FILE = GoogleDriveUITests/Info.plist;
				LD_RUNPATH_SEARCH_PATHS = (
					"$(inherited)",
					"@executable_path/Frameworks",
					"@loader_path/Frameworks",
				);
				PRODUCT_BUNDLE_IDENTIFIER = com.GoogleDriveUITests;
				PRODUCT_NAME = "$(TARGET_NAME)";
				SWIFT_VERSION = 4.2;
				TARGETED_DEVICE_FAMILY = "1,2";
				TEST_TARGET_NAME = GoogleDrive;
			};
			name = Debug;
		};
		4BA5035021BE29D4008E2CC4 /* Release */ = {
			isa = XCBuildConfiguration;
			baseConfigurationReference = 23E78CEB557A485AA26F9781 /* Pods-GoogleDriveUITests.release.xcconfig */;
			buildSettings = {
				ALWAYS_EMBED_SWIFT_STANDARD_LIBRARIES = YES;
				CODE_SIGN_STYLE = Automatic;
				INFOPLIST_FILE = GoogleDriveUITests/Info.plist;
				LD_RUNPATH_SEARCH_PATHS = (
					"$(inherited)",
					"@executable_path/Frameworks",
					"@loader_path/Frameworks",
				);
				PRODUCT_BUNDLE_IDENTIFIER = com.GoogleDriveUITests;
				PRODUCT_NAME = "$(TARGET_NAME)";
				SWIFT_VERSION = 4.2;
				TARGETED_DEVICE_FAMILY = "1,2";
				TEST_TARGET_NAME = GoogleDrive;
			};
			name = Release;
		};
/* End XCBuildConfiguration section */

/* Begin XCConfigurationList section */
		4BA5031821BE29D2008E2CC4 /* Build configuration list for PBXProject "GoogleDrive" */ = {
			isa = XCConfigurationList;
			buildConfigurations = (
				4BA5034621BE29D4008E2CC4 /* Debug */,
				4BA5034721BE29D4008E2CC4 /* Release */,
			);
			defaultConfigurationIsVisible = 0;
			defaultConfigurationName = Release;
		};
		4BA5034821BE29D4008E2CC4 /* Build configuration list for PBXNativeTarget "GoogleDrive" */ = {
			isa = XCConfigurationList;
			buildConfigurations = (
				4BA5034921BE29D4008E2CC4 /* Debug */,
				4BA5034A21BE29D4008E2CC4 /* Release */,
			);
			defaultConfigurationIsVisible = 0;
			defaultConfigurationName = Release;
		};
		4BA5034B21BE29D4008E2CC4 /* Build configuration list for PBXNativeTarget "GoogleDriveTests" */ = {
			isa = XCConfigurationList;
			buildConfigurations = (
				4BA5034C21BE29D4008E2CC4 /* Debug */,
				4BA5034D21BE29D4008E2CC4 /* Release */,
			);
			defaultConfigurationIsVisible = 0;
			defaultConfigurationName = Release;
		};
		4BA5034E21BE29D4008E2CC4 /* Build configuration list for PBXNativeTarget "GoogleDriveUITests" */ = {
			isa = XCConfigurationList;
			buildConfigurations = (
				4BA5034F21BE29D4008E2CC4 /* Debug */,
				4BA5035021BE29D4008E2CC4 /* Release */,
			);
			defaultConfigurationIsVisible = 0;
			defaultConfigurationName = Release;
		};
/* End XCConfigurationList section */

/* Begin XCVersionGroup section */
		4BA5032721BE29D2008E2CC4 /* GoogleDrive.xcdatamodeld */ = {
			isa = XCVersionGroup;
			children = (
				4BA5032821BE29D2008E2CC4 /* GoogleDrive.xcdatamodel */,
			);
			currentVersion = 4BA5032821BE29D2008E2CC4 /* GoogleDrive.xcdatamodel */;
			path = GoogleDrive.xcdatamodeld;
			sourceTree = "<group>";
			versionGroupType = wrapper.xcdatamodel;
		};
/* End XCVersionGroup section */
	};
	rootObject = 4BA5031521BE29D2008E2CC4 /* Project object */;
}
